# THIS IS AN AUTOGENERATED FILE. DO NOT EDIT THIS FILE DIRECTLY.
# yarn lockfile v1


dedent@^0.6.0:
  version "0.6.0"
  resolved "https://registry.yarnpkg.com/dedent/-/dedent-0.6.0.tgz#0e6da8f0ce52838ef5cec5c8f9396b0c1b64a3cb"
  integrity sha512-cSfRWjXJtZQeRuZGVvDrJroCR5V2UvBNUMHsPCdNYzuAG8b9V8aAy3KUcdQrGQPXs17Y+ojbPh1aOCplg9YR9g==

invariant@^2.2.2:
  version "2.2.4"
  resolved "https://registry.yarnpkg.com/invariant/-/invariant-2.2.4.tgz#610f3c92c9359ce1db616e538008d23ff35158e6"
  integrity sha512-phJfQVBuaJM5raOpJjSfkiD6BpbCE4Ns//LaXl6wGYtUBY83nWS6Rf9tXm2e8VaK60JEjYldbPif/A2B1C2gNA==
  dependencies:
    loose-envify "^1.0.0"

"js-tokens@^3.0.0 || ^4.0.0":
  version "4.0.0"
  resolved "https://registry.yarnpkg.com/js-tokens/-/js-tokens-4.0.0.tgz#19203fb59991df98e3a287050d4647cdeaf32499"
  integrity sha512-RdJUflcE3cUzKiMqQgsCu06FPu9UdIJO0beYbPhHN4k6apgJtifcoCtT9bcxOpYBtpD2kCM6Sbzg4CausW/PKQ==

loose-envify@^1.0.0:
  version "1.4.0"
  resolved "https://registry.yarnpkg.com/loose-envify/-/loose-envify-1.4.0.tgz#71ee51fa7be4caec1a63839f7e682d8132d30caf"
  integrity sha512-lyuxPGr/Wfhrlem2CL/UcnUc1zcqKAImBDzukY7Y5F/yQiNdko6+fRLevlw1HgMySw7f611UIY408EtxRSoK3Q==
  dependencies:
    js-tokens "^3.0.0 || ^4.0.0"

lottie-ios@3.2.3:
  version "3.2.3"
  resolved "https://registry.yarnpkg.com/lottie-ios/-/lottie-ios-3.2.3.tgz#d5a029ccce611603d178ea7ba725c1446f2310b4"
  integrity sha512-mubYMN6+1HXa8z3EJKBvNBkl4UoVM4McjESeB2PgvRMSngmJtC5yUMRdhbbrIAn5Liu3hFGao/14s5hQIgtkRQ==

lottie-react-native@^5.1.3:
  version "5.1.3"
  resolved "https://registry.yarnpkg.com/lottie-react-native/-/lottie-react-native-5.1.3.tgz#6f5d0867bb762cee1dfc0613845d50c73e138ddd"
  integrity sha512-Ho+oM+D3if85I2EBn8c17tcg7pc880Sp/DOeNW5aWiNtlCJKX/kmlhoM19NLqjzkHEm96fTkTcTy82ZwYU3Kbg==
  dependencies:
    invariant "^2.2.2"
    react-native-safe-modules "^1.0.3"

react-native-safe-modules@^1.0.3:
  version "1.0.3"
  resolved "https://registry.yarnpkg.com/react-native-safe-modules/-/react-native-safe-modules-1.0.3.tgz#f5f29bb9d09d17581193843d4173ad3054f74890"
  integrity sha512-DUxti4Z+AgJ/ZsO5U7p3uSCUBko8JT8GvFlCeOXk9bMd+4qjpoDvMYpfbixXKgL88M+HwmU/KI1YFN6gsQZyBA==
  dependencies:
    dedent "^0.6.0"
